dependencies:
- name: knowledge-sensor
  repository: https://asserts.github.io/helm-charts
  version: 1.0.0
- name: victoria-metrics-single
  repository: https://asserts.github.io/helm-charts
  version: 0.8.12
- name: alertmanager
  repository: https://asserts.github.io/helm-charts
  version: 0.14.0
- name: promxyruler
  repository: https://asserts.github.io/helm-charts
  version: 0.7.0
- name: promxyuser
  repository: https://asserts.github.io/helm-charts
  version: 0.7.0
- name: redisgraph
  repository: https://asserts.github.io/helm-charts
  version: 16.8.7
- name: redisearch
  repository: https://asserts.github.io/helm-charts
  version: 16.8.7
- name: common
  repository: https://charts.bitnami.com/bitnami
  version: 1.17.1
- name: postgresql
  repository: https://charts.bitnami.com/bitnami
  version: 11.1.23
digest: sha256:168a2f1190715f6d802a89da38dc59a0620c7cf2576ed10a8df095d2d65a9cf8
generated: "2022-10-03T17:03:10.628663+02:00"
